
Microsoft Visual Studio Solution File, Format Version 12.00
# Visual Studio Version 17
VisualStudioVersion = 17.7.34202.233
MinimumVisualStudioVersion = 10.0.40219.1
Project("{9A19103F-16F7-4668-BE54-9A1E7A4F7556}") = "Presli", "Presli\Presli.csproj", "{B1EDD129-B850-46BE-BD2C-AA13BF668C67}"
EndProject
Project("{E53339B2-1760-4266-BCC7-CA923CBCF16C}") = "docker-compose", "docker-compose.dcproj", "{D57FA922-1894-4E2B-9E60-D8101315FF1C}"
EndProject
Global
	GlobalSection(SolutionConfigurationPlatforms) = preSolution
		Debug|Any CPU = Debug|Any CPU
		Debug|x64 = Debug|x64
		Release|Any CPU = Release|Any CPU
		Release|x64 = Release|x64
	EndGlobalSection
	GlobalSection(ProjectConfigurationPlatforms) = postSolution
		{B1EDD129-B850-46BE-BD2C-AA13BF668C67}.Debug|Any CPU.ActiveCfg = Debug|Any CPU
		{B1EDD129-B850-46BE-BD2C-AA13BF668C67}.Debug|Any CPU.Build.0 = Debug|Any CPU
		{B1EDD129-B850-46BE-BD2C-AA13BF668C67}.Debug|x64.ActiveCfg = Debug|x64
		{B1EDD129-B850-46BE-BD2C-AA13BF668C67}.Debug|x64.Build.0 = Debug|x64
		{B1EDD129-B850-46BE-BD2C-AA13BF668C67}.Release|Any CPU.ActiveCfg = Release|Any CPU
		{B1EDD129-B850-46BE-BD2C-AA13BF668C67}.Release|Any CPU.Build.0 = Release|Any CPU
		{B1EDD129-B850-46BE-BD2C-AA13BF668C67}.Release|x64.ActiveCfg = Release|x64
		{B1EDD129-B850-46BE-BD2C-AA13BF668C67}.Release|x64.Build.0 = Release|x64
		{D57FA922-1894-4E2B-9E60-D8101315FF1C}.Debug|Any CPU.ActiveCfg = Debug|Any CPU
		{D57FA922-1894-4E2B-9E60-D8101315FF1C}.Debug|Any CPU.Build.0 = Debug|Any CPU
		{D57FA922-1894-4E2B-9E60-D8101315FF1C}.Debug|x64.ActiveCfg = Debug|Any CPU
		{D57FA922-1894-4E2B-9E60-D8101315FF1C}.Debug|x64.Build.0 = Debug|Any CPU
		{D57FA922-1894-4E2B-9E60-D8101315FF1C}.Release|Any CPU.ActiveCfg = Release|Any CPU
		{D57FA922-1894-4E2B-9E60-D8101315FF1C}.Release|Any CPU.Build.0 = Release|Any CPU
		{D57FA922-1894-4E2B-9E60-D8101315FF1C}.Release|x64.ActiveCfg = Release|Any CPU
		{D57FA922-1894-4E2B-9E60-D8101315FF1C}.Release|x64.Build.0 = Release|Any CPU
	EndGlobalSection
	GlobalSection(SolutionProperties) = preSolution
		HideSolutionNode = FALSE
	EndGlobalSection
	GlobalSection(ExtensibilityGlobals) = postSolution
		SolutionGuid = {FFE9E079-5B41-40FE-9E71-1C889FBCB4F1}
	EndGlobalSection
EndGlobal
